
Microsoft Visual Studio Solution File, Format Version 12.00
# Visual Studio Version 16
VisualStudioVersion = 16.0.29806.167
MinimumVisualStudioVersion = 10.0.40219.1
Project("{9A19103F-16F7-4668-BE54-9A1E7A4F7556}") = "ArchiveBook", "ArchiveBook\ArchiveBook.csproj", "{8B570164-DB19-48B5-AA8B-DD25C88C8289}"
EndProject
Project("{FAE04EC0-301F-11D3-BF4B-00C04F79EFBC}") = "Models", "Models\Models.csproj", "{D923D6C4-CE84-445F-92A6-50313BF59F04}"
EndProject
Project("{FAE04EC0-301F-11D3-BF4B-00C04F79EFBC}") = "DAL.SQLServer", "DAL\DAL.SQLServer.csproj", "{95CB2BBC-B449-42E7-A7E6-23D149A08D86}"
EndProject
Project("{2150E333-8FDC-42A3-9474-1A3956D46DE8}") = "Tests", "Tests", "{50DD8453-CB92-4606-865A-4E77249D7B34}"
EndProject
Project("{FAE04EC0-301F-11D3-BF4B-00C04F79EFBC}") = "DALTests", "DALTests\DALTests.csproj", "{52BA1BD5-EE11-410F-B084-B9FB6C535E3C}"
EndProject
Project("{FAE04EC0-301F-11D3-BF4B-00C04F79EFBC}") = "DAL.Interfaces", "DAL_Interfaces\DAL.Interfaces.csproj", "{D299B483-DA3E-421B-9912-694272BEEDD4}"
EndProject
Global
	GlobalSection(SolutionConfigurationPlatforms) = preSolution
		Debug|Any CPU = Debug|Any CPU
		Release|Any CPU = Release|Any CPU
	EndGlobalSection
	GlobalSection(ProjectConfigurationPlatforms) = postSolution
		{8B570164-DB19-48B5-AA8B-DD25C88C8289}.Debug|Any CPU.ActiveCfg = Debug|Any CPU
		{8B570164-DB19-48B5-AA8B-DD25C88C8289}.Debug|Any CPU.Build.0 = Debug|Any CPU
		{8B570164-DB19-48B5-AA8B-DD25C88C8289}.Release|Any CPU.ActiveCfg = Release|Any CPU
		{8B570164-DB19-48B5-AA8B-DD25C88C8289}.Release|Any CPU.Build.0 = Release|Any CPU
		{D923D6C4-CE84-445F-92A6-50313BF59F04}.Debug|Any CPU.ActiveCfg = Debug|Any CPU
		{D923D6C4-CE84-445F-92A6-50313BF59F04}.Debug|Any CPU.Build.0 = Debug|Any CPU
		{D923D6C4-CE84-445F-92A6-50313BF59F04}.Release|Any CPU.ActiveCfg = Release|Any CPU
		{D923D6C4-CE84-445F-92A6-50313BF59F04}.Release|Any CPU.Build.0 = Release|Any CPU
		{95CB2BBC-B449-42E7-A7E6-23D149A08D86}.Debug|Any CPU.ActiveCfg = Debug|Any CPU
		{95CB2BBC-B449-42E7-A7E6-23D149A08D86}.Debug|Any CPU.Build.0 = Debug|Any CPU
		{95CB2BBC-B449-42E7-A7E6-23D149A08D86}.Release|Any CPU.ActiveCfg = Release|Any CPU
		{95CB2BBC-B449-42E7-A7E6-23D149A08D86}.Release|Any CPU.Build.0 = Release|Any CPU
		{52BA1BD5-EE11-410F-B084-B9FB6C535E3C}.Debug|Any CPU.ActiveCfg = Debug|Any CPU
		{52BA1BD5-EE11-410F-B084-B9FB6C535E3C}.Debug|Any CPU.Build.0 = Debug|Any CPU
		{52BA1BD5-EE11-410F-B084-B9FB6C535E3C}.Release|Any CPU.ActiveCfg = Release|Any CPU
		{52BA1BD5-EE11-410F-B084-B9FB6C535E3C}.Release|Any CPU.Build.0 = Release|Any CPU
		{D299B483-DA3E-421B-9912-694272BEEDD4}.Debug|Any CPU.ActiveCfg = Debug|Any CPU
		{D299B483-DA3E-421B-9912-694272BEEDD4}.Debug|Any CPU.Build.0 = Debug|Any CPU
		{D299B483-DA3E-421B-9912-694272BEEDD4}.Release|Any CPU.ActiveCfg = Release|Any CPU
		{D299B483-DA3E-421B-9912-694272BEEDD4}.Release|Any CPU.Build.0 = Release|Any CPU
	EndGlobalSection
	GlobalSection(SolutionProperties) = preSolution
		HideSolutionNode = FALSE
	EndGlobalSection
	GlobalSection(NestedProjects) = preSolution
		{52BA1BD5-EE11-410F-B084-B9FB6C535E3C} = {50DD8453-CB92-4606-865A-4E77249D7B34}
	EndGlobalSection
	GlobalSection(ExtensibilityGlobals) = postSolution
		SolutionGuid = {80796D60-EFED-404C-A61C-8C69C121ACFF}
	EndGlobalSection
EndGlobal
